<?xml version="1.0" encoding="utf-8"?>
<Project ToolsVersion="4.0" xmlns="http://schemas.microsoft.com/developer/msbuild/2003">
  <ItemGroup>
    <Filter Include="Source Files">
      <UniqueIdentifier>{2bdce822-837e-47b6-9411-d305af50003e}</UniqueIdentifier>
    </Filter>
    <Filter Include="Generated Files">
      <UniqueIdentifier>{6a8698a8-4dc2-4e3b-8689-e289fcba1faf}</UniqueIdentifier>
      <SourceControlFiles>False</SourceControlFiles>
    </Filter>
  </ItemGroup>
  <ItemGroup>
    <None Include="SimpleComObjectps.def" />
  </ItemGroup>
  <ItemGroup>
    <ClCompile Include="SimpleComObject_i.c">
      <Filter>Generated Files</Filter>
    </ClCompile>
    <ClCompile Include="SimpleComObject_p.c">
      <Filter>Generated Files</Filter>
    </ClCompile>
    <ClCompile Include="dlldata.c">
      <Filter>Generated Files</Filter>
    </ClCompile>
  </ItemGroup>
</Project>